
Microsoft Visual Studio Solution File, Format Version 12.00
# Visual Studio Version 17
VisualStudioVersion = 17.3.32922.545
MinimumVisualStudioVersion = 10.0.40219.1
Project("{2150E333-8FDC-42A3-9474-1A3956D46DE8}") = "1-Core", "1-Core", "{C065ED2E-5CAE-41A0-B882-757D53B00A83}"
EndProject
Project("{2150E333-8FDC-42A3-9474-1A3956D46DE8}") = "2-Infrastructure", "2-Infrastructure", "{EFE888A1-B5F3-4D6C-98AB-917AC1963AA7}"
EndProject
Project("{2150E333-8FDC-42A3-9474-1A3956D46DE8}") = "3-Api", "3-Api", "{79D6F316-D7F2-477E-90F9-6E7215CE233A}"
EndProject
Project("{FAE04EC0-301F-11D3-BF4B-00C04F79EFBC}") = "AgLeather.Shop.Domain", "AgLeather.Shop.Domain\AgLeather.Shop.Domain.csproj", "{FBB4643C-ECC3-4333-B2AD-B340B96A1963}"
EndProject
Project("{FAE04EC0-301F-11D3-BF4B-00C04F79EFBC}") = "AgLeather.Shop.Application", "AgLeather.Shop.Application\AgLeather.Shop.Application.csproj", "{2C920554-FA60-4AE4-A944-1CAB58F550FE}"
EndProject
Project("{FAE04EC0-301F-11D3-BF4B-00C04F79EFBC}") = "AgLeather.Shop.Infrastructure", "AgLeather.Shop.Infrastructure\AgLeather.Shop.Infrastructure.csproj", "{69BF0976-3D7E-4E1F-838B-6C1E33A51EAE}"
EndProject
Project("{FAE04EC0-301F-11D3-BF4B-00C04F79EFBC}") = "AgLeather.Shop.Persistance", "AgLeather.Shop.Persistance\AgLeather.Shop.Persistance.csproj", "{0E64D2C8-2CBC-4B23-8304-21AA7DAD2C2A}"
EndProject
Project("{FAE04EC0-301F-11D3-BF4B-00C04F79EFBC}") = "AgLeather.Shop.Api", "AgLeather.Shop.Api\AgLeather.Shop.Api.csproj", "{921D2755-0D6D-4AEE-BFE5-1748A3D05FCD}"
EndProject
Global
	GlobalSection(SolutionConfigurationPlatforms) = preSolution
		Debug|Any CPU = Debug|Any CPU
		Release|Any CPU = Release|Any CPU
	EndGlobalSection
	GlobalSection(ProjectConfigurationPlatforms) = postSolution
		{FBB4643C-ECC3-4333-B2AD-B340B96A1963}.Debug|Any CPU.ActiveCfg = Debug|Any CPU
		{FBB4643C-ECC3-4333-B2AD-B340B96A1963}.Debug|Any CPU.Build.0 = Debug|Any CPU
		{FBB4643C-ECC3-4333-B2AD-B340B96A1963}.Release|Any CPU.ActiveCfg = Release|Any CPU
		{FBB4643C-ECC3-4333-B2AD-B340B96A1963}.Release|Any CPU.Build.0 = Release|Any CPU
		{2C920554-FA60-4AE4-A944-1CAB58F550FE}.Debug|Any CPU.ActiveCfg = Debug|Any CPU
		{2C920554-FA60-4AE4-A944-1CAB58F550FE}.Debug|Any CPU.Build.0 = Debug|Any CPU
		{2C920554-FA60-4AE4-A944-1CAB58F550FE}.Release|Any CPU.ActiveCfg = Release|Any CPU
		{2C920554-FA60-4AE4-A944-1CAB58F550FE}.Release|Any CPU.Build.0 = Release|Any CPU
		{69BF0976-3D7E-4E1F-838B-6C1E33A51EAE}.Debug|Any CPU.ActiveCfg = Debug|Any CPU
		{69BF0976-3D7E-4E1F-838B-6C1E33A51EAE}.Debug|Any CPU.Build.0 = Debug|Any CPU
		{69BF0976-3D7E-4E1F-838B-6C1E33A51EAE}.Release|Any CPU.ActiveCfg = Release|Any CPU
		{69BF0976-3D7E-4E1F-838B-6C1E33A51EAE}.Release|Any CPU.Build.0 = Release|Any CPU
		{0E64D2C8-2CBC-4B23-8304-21AA7DAD2C2A}.Debug|Any CPU.ActiveCfg = Debug|Any CPU
		{0E64D2C8-2CBC-4B23-8304-21AA7DAD2C2A}.Debug|Any CPU.Build.0 = Debug|Any CPU
		{0E64D2C8-2CBC-4B23-8304-21AA7DAD2C2A}.Release|Any CPU.ActiveCfg = Release|Any CPU
		{0E64D2C8-2CBC-4B23-8304-21AA7DAD2C2A}.Release|Any CPU.Build.0 = Release|Any CPU
		{921D2755-0D6D-4AEE-BFE5-1748A3D05FCD}.Debug|Any CPU.ActiveCfg = Debug|Any CPU
		{921D2755-0D6D-4AEE-BFE5-1748A3D05FCD}.Debug|Any CPU.Build.0 = Debug|Any CPU
		{921D2755-0D6D-4AEE-BFE5-1748A3D05FCD}.Release|Any CPU.ActiveCfg = Release|Any CPU
		{921D2755-0D6D-4AEE-BFE5-1748A3D05FCD}.Release|Any CPU.Build.0 = Release|Any CPU
	EndGlobalSection
	GlobalSection(SolutionProperties) = preSolution
		HideSolutionNode = FALSE
	EndGlobalSection
	GlobalSection(NestedProjects) = preSolution
		{FBB4643C-ECC3-4333-B2AD-B340B96A1963} = {C065ED2E-5CAE-41A0-B882-757D53B00A83}
		{2C920554-FA60-4AE4-A944-1CAB58F550FE} = {C065ED2E-5CAE-41A0-B882-757D53B00A83}
		{69BF0976-3D7E-4E1F-838B-6C1E33A51EAE} = {EFE888A1-B5F3-4D6C-98AB-917AC1963AA7}
		{0E64D2C8-2CBC-4B23-8304-21AA7DAD2C2A} = {EFE888A1-B5F3-4D6C-98AB-917AC1963AA7}
		{921D2755-0D6D-4AEE-BFE5-1748A3D05FCD} = {79D6F316-D7F2-477E-90F9-6E7215CE233A}
	EndGlobalSection
	GlobalSection(ExtensibilityGlobals) = postSolution
		SolutionGuid = {F9DDC167-7927-4FB1-AE97-3C568AAAEAB6}
	EndGlobalSection
EndGlobal
